
Microsoft Visual Studio Solution File, Format Version 12.00
# Visual Studio Version 17
VisualStudioVersion = 17.9.34723.18
MinimumVisualStudioVersion = 10.0.40219.1
Project("{FAE04EC0-301F-11D3-BF4B-00C04F79EFBC}") = "Prog120_Midterm", "Prog120_Midterm.csproj", "{6F149B03-884C-461C-9487-38E86E686E87}"
EndProject
Global
	GlobalSection(SolutionConfigurationPlatforms) = preSolution
		Debug|Any CPU = Debug|Any CPU
		Release|Any CPU = Release|Any CPU
	EndGlobalSection
	GlobalSection(ProjectConfigurationPlatforms) = postSolution
		{6F149B03-884C-461C-9487-38E86E686E87}.Debug|Any CPU.ActiveCfg = Debug|Any CPU
		{6F149B03-884C-461C-9487-38E86E686E87}.Debug|Any CPU.Build.0 = Debug|Any CPU
		{6F149B03-884C-461C-9487-38E86E686E87}.Release|Any CPU.ActiveCfg = Release|Any CPU
		{6F149B03-884C-461C-9487-38E86E686E87}.Release|Any CPU.Build.0 = Release|Any CPU
	EndGlobalSection
	GlobalSection(SolutionProperties) = preSolution
		HideSolutionNode = FALSE
	EndGlobalSection
	GlobalSection(ExtensibilityGlobals) = postSolution
		SolutionGuid = {FF424DBF-2D5B-48E2-BCBE-6313F5C415C1}
	EndGlobalSection
EndGlobal
